
Microsoft Visual Studio Solution File, Format Version 11.00
# Visual Studio 2010
Project("{FAE04EC0-301F-11D3-BF4B-00C04F79EFBC}") = "Assembly-CSharp-firstpass", "Assembly-CSharp-firstpass.csproj", "{2bb4c17b-b30a-e8b1-9305-bd1eae080be2}"
EndProject
Project("{FAE04EC0-301F-11D3-BF4B-00C04F79EFBC}") = "Assembly-CSharp", "Assembly-CSharp.csproj", "{3a04ff83-1708-bd44-370b-30b87c69b0ac}"
EndProject
Project("{FAE04EC0-301F-11D3-BF4B-00C04F79EFBC}") = "Assembly-CSharp-Editor", "Assembly-CSharp-Editor.csproj", "{572c1420-21e0-ac38-82dc-a9d856a608d8}"
EndProject
Global
	GlobalSection(SolutionConfigurationPlatforms) = preSolution
		Debug|Any CPU = Debug|Any CPU
		Release|Any CPU = Release|Any CPU
	EndGlobalSection
	GlobalSection(ProjectConfigurationPlatforms) = postSolution
		{2bb4c17b-b30a-e8b1-9305-bd1eae080be2}.Debug|Any CPU.ActiveCfg = Debug|Any CPU
		{2bb4c17b-b30a-e8b1-9305-bd1eae080be2}.Debug|Any CPU.Build.0 = Debug|Any CPU
		{2bb4c17b-b30a-e8b1-9305-bd1eae080be2}.Release|Any CPU.ActiveCfg = Release|Any CPU
		{2bb4c17b-b30a-e8b1-9305-bd1eae080be2}.Release|Any CPU.Build.0 = Release|Any CPU
		{3a04ff83-1708-bd44-370b-30b87c69b0ac}.Debug|Any CPU.ActiveCfg = Debug|Any CPU
		{3a04ff83-1708-bd44-370b-30b87c69b0ac}.Debug|Any CPU.Build.0 = Debug|Any CPU
		{3a04ff83-1708-bd44-370b-30b87c69b0ac}.Release|Any CPU.ActiveCfg = Release|Any CPU
		{3a04ff83-1708-bd44-370b-30b87c69b0ac}.Release|Any CPU.Build.0 = Release|Any CPU
		{572c1420-21e0-ac38-82dc-a9d856a608d8}.Debug|Any CPU.ActiveCfg = Debug|Any CPU
		{572c1420-21e0-ac38-82dc-a9d856a608d8}.Debug|Any CPU.Build.0 = Debug|Any CPU
		{572c1420-21e0-ac38-82dc-a9d856a608d8}.Release|Any CPU.ActiveCfg = Release|Any CPU
		{572c1420-21e0-ac38-82dc-a9d856a608d8}.Release|Any CPU.Build.0 = Release|Any CPU
	EndGlobalSection
	GlobalSection(SolutionProperties) = preSolution
		HideSolutionNode = FALSE
	EndGlobalSection
EndGlobal
